// !$*UTF8*$!
{
	archiveVersion = 1;
	classes = {
	};
	objectVersion = 50;
	objects = {

/* Begin PBXBuildFile section */
		3FE0822526CA490B00AD20E7 /* AppDelegate.swift in Sources */ = {isa = PBXBuildFile; fileRef = 3FE0822426CA490B00AD20E7 /* AppDelegate.swift */; };
		3FE0822726CA490B00AD20E7 /* SceneDelegate.swift in Sources */ = {isa = PBXBuildFile; fileRef = 3FE0822626CA490B00AD20E7 /* SceneDelegate.swift */; };
		3FE0822926CA490B00AD20E7 /* ContentView.swift in Sources */ = {isa = PBXBuildFile; fileRef = 3FE0822826CA490B00AD20E7 /* ContentView.swift */; };
		3FE0822B26CA490D00AD20E7 /* Assets.xcassets in Resources */ = {isa = PBXBuildFile; fileRef = 3FE0822A26CA490D00AD20E7 /* Assets.xcassets */; };
		3FE0822E26CA490D00AD20E7 /* Preview Assets.xcassets in Resources */ = {isa = PBXBuildFile; fileRef = 3FE0822D26CA490D00AD20E7 /* Preview Assets.xcassets */; };
		3FE0823126CA490D00AD20E7 /* LaunchScreen.storyboard in Resources */ = {isa = PBXBuildFile; fileRef = 3FE0822F26CA490D00AD20E7 /* LaunchScreen.storyboard */; };
		3FE0823C26CA490D00AD20E7 /* InstagramAppTests.swift in Sources */ = {isa = PBXBuildFile; fileRef = 3FE0823B26CA490D00AD20E7 /* InstagramAppTests.swift */; };
		3FE0824726CA490D00AD20E7 /* InstagramAppUITests.swift in Sources */ = {isa = PBXBuildFile; fileRef = 3FE0824626CA490D00AD20E7 /* InstagramAppUITests.swift */; };
/* End PBXBuildFile section */

/* Begin PBXContainerItemProxy section */
		3FE0823826CA490D00AD20E7 /* PBXContainerItemProxy */ = {
			isa = PBXContainerItemProxy;
			containerPortal = 3FE0821926CA490B00AD20E7 /* Project object */;
			proxyType = 1;
			remoteGlobalIDString = 3FE0822026CA490B00AD20E7;
			remoteInfo = InstagramApp;
		};
		3FE0824326CA490D00AD20E7 /* PBXContainerItemProxy */ = {
			isa = PBXContainerItemProxy;
			containerPortal = 3FE0821926CA490B00AD20E7 /* Project object */;
			proxyType = 1;
			remoteGlobalIDString = 3FE0822026CA490B00AD20E7;
			remoteInfo = InstagramApp;
		};
/* End PBXContainerItemProxy section */

/* Begin PBXFileReference section */
		3FE0822126CA490B00AD20E7 /* InstagramApp.app */ = {isa = PBXFileReference; explicitFileType = wrapper.application; includeInIndex = 0; path = InstagramApp.app; sourceTree = BUILT_PRODUCTS_DIR; };
		3FE0822426CA490B00AD20E7 /* AppDelegate.swift */ = {isa = PBXFileReference; lastKnownFileType = sourcecode.swift; path = AppDelegate.swift; sourceTree = "<group>"; };
		3FE0822626CA490B00AD20E7 /* SceneDelegate.swift */ = {isa = PBXFileReference; lastKnownFileType = sourcecode.swift; path = SceneDelegate.swift; sourceTree = "<group>"; };
		3FE0822826CA490B00AD20E7 /* ContentView.swift */ = {isa = PBXFileReference; lastKnownFileType = sourcecode.swift; path = ContentView.swift; sourceTree = "<group>"; };
		3FE0822A26CA490D00AD20E7 /* Assets.xcassets */ = {isa = PBXFileReference; lastKnownFileType = folder.assetcatalog; path = Assets.xcassets; sourceTree = "<group>"; };
		3FE0822D26CA490D00AD20E7 /* Preview Assets.xcassets */ = {isa = PBXFileReference; lastKnownFileType = folder.assetcatalog; path = "Preview Assets.xcassets"; sourceTree = "<group>"; };
		3FE0823026CA490D00AD20E7 /* Base */ = {isa = PBXFileReference; lastKnownFileType = file.storyboard; name = Base; path = Base.lproj/LaunchScreen.storyboard; sourceTree = "<group>"; };
		3FE0823226CA490D00AD20E7 /* Info.plist */ = {isa = PBXFileReference; lastKnownFileType = text.plist.xml; path = Info.plist; sourceTree = "<group>"; };
		3FE0823726CA490D00AD20E7 /* InstagramAppTests.xctest */ = {isa = PBXFileReference; explicitFileType = wrapper.cfbundle; includeInIndex = 0; path = InstagramAppTests.xctest; sourceTree = BUILT_PRODUCTS_DIR; };
		3FE0823B26CA490D00AD20E7 /* InstagramAppTests.swift */ = {isa = PBXFileReference; lastKnownFileType = sourcecode.swift; path = InstagramAppTests.swift; sourceTree = "<group>"; };
		3FE0823D26CA490D00AD20E7 /* Info.plist */ = {isa = PBXFileReference; lastKnownFileType = text.plist.xml; path = Info.plist; sourceTree = "<group>"; };
		3FE0824226CA490D00AD20E7 /* InstagramAppUITests.xctest */ = {isa = PBXFileReference; explicitFileType = wrapper.cfbundle; includeInIndex = 0; path = InstagramAppUITests.xctest; sourceTree = BUILT_PRODUCTS_DIR; };
		3FE0824626CA490D00AD20E7 /* InstagramAppUITests.swift */ = {isa = PBXFileReference; lastKnownFileType = sourcecode.swift; path = InstagramAppUITests.swift; sourceTree = "<group>"; };
		3FE0824826CA490D00AD20E7 /* Info.plist */ = {isa = PBXFileReference; lastKnownFileType = text.plist.xml; path = Info.plist; sourceTree = "<group>"; };
/* End PBXFileReference section */

/* Begin PBXFrameworksBuildPhase section */
		3FE0821E26CA490B00AD20E7 /* Frameworks */ = {
			isa = PBXFrameworksBuildPhase;
			buildActionMask = 2147483647;
			files = (
			);
			runOnlyForDeploymentPostprocessing = 0;
		};
		3FE0823426CA490D00AD20E7 /* Frameworks */ = {
			isa = PBXFrameworksBuildPhase;
			buildActionMask = 2147483647;
			files = (
			);
			runOnlyForDeploymentPostprocessing = 0;
		};
		3FE0823F26CA490D00AD20E7 /* Frameworks */ = {
			isa = PBXFrameworksBuildPhase;
			buildActionMask = 2147483647;
			files = (
			);
			runOnlyForDeploymentPostprocessing = 0;
		};
/* End PBXFrameworksBuildPhase section */

/* Begin PBXGroup section */
		3FE0821826CA490B00AD20E7 = {
			isa = PBXGroup;
			children = (
				3FE0822326CA490B00AD20E7 /* InstagramApp */,
				3FE0823A26CA490D00AD20E7 /* InstagramAppTests */,
				3FE0824526CA490D00AD20E7 /* InstagramAppUITests */,
				3FE0822226CA490B00AD20E7 /* Products */,
			);
			sourceTree = "<group>";
		};
		3FE0822226CA490B00AD20E7 /* Products */ = {
			isa = PBXGroup;
			children = (
				3FE0822126CA490B00AD20E7 /* InstagramApp.app */,
				3FE0823726CA490D00AD20E7 /* InstagramAppTests.xctest */,
				3FE0824226CA490D00AD20E7 /* InstagramAppUITests.xctest */,
			);
			name = Products;
			sourceTree = "<group>";
		};
		3FE0822326CA490B00AD20E7 /* InstagramApp */ = {
			isa = PBXGroup;
			children = (
				3FE0822426CA490B00AD20E7 /* AppDelegate.swift */,
				3FE0822626CA490B00AD20E7 /* SceneDelegate.swift */,
				3FE0822826CA490B00AD20E7 /* ContentView.swift */,
				3FE0822A26CA490D00AD20E7 /* Assets.xcassets */,
				3FE0822F26CA490D00AD20E7 /* LaunchScreen.storyboard */,
				3FE0823226CA490D00AD20E7 /* Info.plist */,
				3FE0822C26CA490D00AD20E7 /* Preview Content */,
			);
			path = InstagramApp;
			sourceTree = "<group>";
		};
		3FE0822C26CA490D00AD20E7 /* Preview Content */ = {
			isa = PBXGroup;
			children = (
				3FE0822D26CA490D00AD20E7 /* Preview Assets.xcassets */,
			);
			path = "Preview Content";
			sourceTree = "<group>";
		};
		3FE0823A26CA490D00AD20E7 /* InstagramAppTests */ = {
			isa = PBXGroup;
			children = (
				3FE0823B26CA490D00AD20E7 /* InstagramAppTests.swift */,
				3FE0823D26CA490D00AD20E7 /* Info.plist */,
			);
			path = InstagramAppTests;
			sourceTree = "<group>";
		};
		3FE0824526CA490D00AD20E7 /* InstagramAppUITests */ = {
			isa = PBXGroup;
			children = (
				3FE0824626CA490D00AD20E7 /* InstagramAppUITests.swift */,
				3FE0824826CA490D00AD20E7 /* Info.plist */,
			);
			path = InstagramAppUITests;
			sourceTree = "<group>";
		};
/* End PBXGroup section */

/* Begin PBXNativeTarget section */
		3FE0822026CA490B00AD20E7 /* InstagramApp */ = {
			isa = PBXNativeTarget;
			buildConfigurationList = 3FE0824B26CA490D00AD20E7 /* Build configuration list for PBXNativeTarget "InstagramApp" */;
			buildPhases = (
				3FE0821D26CA490B00AD20E7 /* Sources */,
				3FE0821E26CA490B00AD20E7 /* Frameworks */,
				3FE0821F26CA490B00AD20E7 /* Resources */,
			);
			buildRules = (
			);
			dependencies = (
			);
			name = InstagramApp;
			productName = InstagramApp;
			productReference = 3FE0822126CA490B00AD20E7 /* InstagramApp.app */;
			productType = "com.apple.product-type.application";
		};
		3FE0823626CA490D00AD20E7 /* InstagramAppTests */ = {
			isa = PBXNativeTarget;
			buildConfigurationList = 3FE0824E26CA490D00AD20E7 /* Build configuration list for PBXNativeTarget "InstagramAppTests" */;
			buildPhases = (
				3FE0823326CA490D00AD20E7 /* Sources */,
				3FE0823426CA490D00AD20E7 /* Frameworks */,
				3FE0823526CA490D00AD20E7 /* Resources */,
			);
			buildRules = (
			);
			dependencies = (
				3FE0823926CA490D00AD20E7 /* PBXTargetDependency */,
			);
			name = InstagramAppTests;
			productName = InstagramAppTests;
			productReference = 3FE0823726CA490D00AD20E7 /* InstagramAppTests.xctest */;
			productType = "com.apple.product-type.bundle.unit-test";
		};
		3FE0824126CA490D00AD20E7 /* InstagramAppUITests */ = {
			isa = PBXNativeTarget;
			buildConfigurationList = 3FE0825126CA490D00AD20E7 /* Build configuration list for PBXNativeTarget "InstagramAppUITests" */;
			buildPhases = (
				3FE0823E26CA490D00AD20E7 /* Sources */,
				3FE0823F26CA490D00AD20E7 /* Frameworks */,
				3FE0824026CA490D00AD20E7 /* Resources */,
			);
			buildRules = (
			);
			dependencies = (
				3FE0824426CA490D00AD20E7 /* PBXTargetDependency */,
			);
			name = InstagramAppUITests;
			productName = InstagramAppUITests;
			productReference = 3FE0824226CA490D00AD20E7 /* InstagramAppUITests.xctest */;
			productType = "com.apple.product-type.bundle.ui-testing";
		};
/* End PBXNativeTarget section */

/* Begin PBXProject section */
		3FE0821926CA490B00AD20E7 /* Project object */ = {
			isa = PBXProject;
			attributes = {
				LastSwiftUpdateCheck = 1210;
				LastUpgradeCheck = 1210;
				TargetAttributes = {
					3FE0822026CA490B00AD20E7 = {
						CreatedOnToolsVersion = 12.1;
					};
					3FE0823626CA490D00AD20E7 = {
						CreatedOnToolsVersion = 12.1;
						TestTargetID = 3FE0822026CA490B00AD20E7;
					};
					3FE0824126CA490D00AD20E7 = {
						CreatedOnToolsVersion = 12.1;
						TestTargetID = 3FE0822026CA490B00AD20E7;
					};
				};
			};
			buildConfigurationList = 3FE0821C26CA490B00AD20E7 /* Build configuration list for PBXProject "InstagramApp" */;
			compatibilityVersion = "Xcode 9.3";
			developmentRegion = en;
			hasScannedForEncodings = 0;
			knownRegions = (
				en,
				Base,
			);
			mainGroup = 3FE0821826CA490B00AD20E7;
			productRefGroup = 3FE0822226CA490B00AD20E7 /* Products */;
			projectDirPath = "";
			projectRoot = "";
			targets = (
				3FE0822026CA490B00AD20E7 /* InstagramApp */,
				3FE0823626CA490D00AD20E7 /* InstagramAppTests */,
				3FE0824126CA490D00AD20E7 /* InstagramAppUITests */,
			);
		};
/* End PBXProject section */

/* Begin PBXResourcesBuildPhase section */
		3FE0821F26CA490B00AD20E7 /* Resources */ = {
			isa = PBXResourcesBuildPhase;
			buildActionMask = 2147483647;
			files = (
				3FE0823126CA490D00AD20E7 /* LaunchScreen.storyboard in Resources */,
				3FE0822E26CA490D00AD20E7 /* Preview Assets.xcassets in Resources */,
				3FE0822B26CA490D00AD20E7 /* Assets.xcassets in Resources */,
			);
			runOnlyForDeploymentPostprocessing = 0;
		};
		3FE0823526CA490D00AD20E7 /* Resources */ = {
			isa = PBXResourcesBuildPhase;
			buildActionMask = 2147483647;
			files = (
			);
			runOnlyForDeploymentPostprocessing = 0;
		};
		3FE0824026CA490D00AD20E7 /* Resources */ = {
			isa = PBXResourcesBuildPhase;
			buildActionMask = 2147483647;
			files = (
			);
			runOnlyForDeploymentPostprocessing = 0;
		};
/* End PBXResourcesBuildPhase section */

/* Begin PBXSourcesBuildPhase section */
		3FE0821D26CA490B00AD20E7 /* Sources */ = {
			isa = PBXSourcesBuildPhase;
			buildActionMask = 2147483647;
			files = (
				3FE0822526CA490B00AD20E7 /* AppDelegate.swift in Sources */,
				3FE0822726CA490B00AD20E7 /* SceneDelegate.swift in Sources */,
				3FE0822926CA490B00AD20E7 /* ContentView.swift in Sources */,
			);
			runOnlyForDeploymentPostprocessing = 0;
		};
		3FE0823326CA490D00AD20E7 /* Sources */ = {
			isa = PBXSourcesBuildPhase;
			buildActionMask = 2147483647;
			files = (
				3FE0823C26CA490D00AD20E7 /* InstagramAppTests.swift in Sources */,
			);
			runOnlyForDeploymentPostprocessing = 0;
		};
		3FE0823E26CA490D00AD20E7 /* Sources */ = {
			isa = PBXSourcesBuildPhase;
			buildActionMask = 2147483647;
			files = (
				3FE0824726CA490D00AD20E7 /* InstagramAppUITests.swift in Sources */,
			);
			runOnlyForDeploymentPostprocessing = 0;
		};
/* End PBXSourcesBuildPhase section */

/* Begin PBXTargetDependency section */
		3FE0823926CA490D00AD20E7 /* PBXTargetDependency */ = {
			isa = PBXTargetDependency;
			target = 3FE0822026CA490B00AD20E7 /* InstagramApp */;
			targetProxy = 3FE0823826CA490D00AD20E7 /* PBXContainerItemProxy */;
		};
		3FE0824426CA490D00AD20E7 /* PBXTargetDependency */ = {
			isa = PBXTargetDependency;
			target = 3FE0822026CA490B00AD20E7 /* InstagramApp */;
			targetProxy = 3FE0824326CA490D00AD20E7 /* PBXContainerItemProxy */;
		};
/* End PBXTargetDependency section */

/* Begin PBXVariantGroup section */
		3FE0822F26CA490D00AD20E7 /* LaunchScreen.storyboard */ = {
			isa = PBXVariantGroup;
			children = (
				3FE0823026CA490D00AD20E7 /* Base */,
			);
			name = LaunchScreen.storyboard;
			sourceTree = "<group>";
		};
/* End PBXVariantGroup section */

/* Begin XCBuildConfiguration section */
		3FE0824926CA490D00AD20E7 /* Debug */ = {
			isa = XCBuildConfiguration;
			buildSettings = {
				ALWAYS_SEARCH_USER_PATHS = NO;
				CLANG_ANALYZER_NONNULL = YES;
				CLANG_ANALYZER_NUMBER_OBJECT_CONVERSION = YES_AGGRESSIVE;
				CLANG_CXX_LANGUAGE_STANDARD = "gnu++14";
				CLANG_CXX_LIBRARY = "libc++";
				CLANG_ENABLE_MODULES = YES;
				CLANG_ENABLE_OBJC_ARC = YES;
				CLANG_ENABLE_OBJC_WEAK = YES;
				CLANG_WARN_BLOCK_CAPTURE_AUTORELEASING = YES;
				CLANG_WARN_BOOL_CONVERSION = YES;
				CLANG_WARN_COMMA = YES;
				CLANG_WARN_CONSTANT_CONVERSION = YES;
				CLANG_WARN_DEPRECATED_OBJC_IMPLEMENTATIONS = YES;
				CLANG_WARN_DIRECT_OBJC_ISA_USAGE = YES_ERROR;
				CLANG_WARN_DOCUMENTATION_COMMENTS = YES;
				CLANG_WARN_EMPTY_BODY = YES;
				CLANG_WARN_ENUM_CONVERSION = YES;
				CLANG_WARN_INFINITE_RECURSION = YES;
				CLANG_WARN_INT_CONVERSION = YES;
				CLANG_WARN_NON_LITERAL_NULL_CONVERSION = YES;
				CLANG_WARN_OBJC_IMPLICIT_RETAIN_SELF = YES;
				CLANG_WARN_OBJC_LITERAL_CONVERSION = YES;
				CLANG_WARN_OBJC_ROOT_CLASS = YES_ERROR;
				CLANG_WARN_QUOTED_INCLUDE_IN_FRAMEWORK_HEADER = YES;
				CLANG_WARN_RANGE_LOOP_ANALYSIS = YES;
				CLANG_WARN_STRICT_PROTOTYPES = YES;
				CLANG_WARN_SUSPICIOUS_MOVE = YES;
				CLANG_WARN_UNGUARDED_AVAILABILITY = YES_AGGRESSIVE;
				CLANG_WARN_UNREACHABLE_CODE = YES;
				CLANG_WARN__DUPLICATE_METHOD_MATCH = YES;
				COPY_PHASE_STRIP = NO;
				DEBUG_INFORMATION_FORMAT = dwarf;
				ENABLE_STRICT_OBJC_MSGSEND = YES;
				ENABLE_TESTABILITY = YES;
				GCC_C_LANGUAGE_STANDARD = gnu11;
				GCC_DYNAMIC_NO_PIC = NO;
				GCC_NO_COMMON_BLOCKS = YES;
				GCC_OPTIMIZATION_LEVEL = 0;
				GCC_PREPROCESSOR_DEFINITIONS = (
					"DEBUG=1",
					"$(inherited)",
				);
				GCC_WARN_64_TO_32_BIT_CONVERSION = YES;
				GCC_WARN_ABOUT_RETURN_TYPE = YES_ERROR;
				GCC_WARN_UNDECLARED_SELECTOR = YES;
				GCC_WARN_UNINITIALIZED_AUTOS = YES_AGGRESSIVE;
				GCC_WARN_UNUSED_FUNCTION = YES;
				GCC_WARN_UNUSED_VARIABLE = YES;
				IPHONEOS_DEPLOYMENT_TARGET = 14.1;
				MTL_ENABLE_DEBUG_INFO = INCLUDE_SOURCE;
				MTL_FAST_MATH = YES;
				ONLY_ACTIVE_ARCH = YES;
				SDKROOT = iphoneos;
				SWIFT_ACTIVE_COMPILATION_CONDITIONS = DEBUG;
				SWIFT_OPTIMIZATION_LEVEL = "-Onone";
			};
			name = Debug;
		};
		3FE0824A26CA490D00AD20E7 /* Release */ = {
			isa = XCBuildConfiguration;
			buildSettings = {
				ALWAYS_SEARCH_USER_PATHS = NO;
				CLANG_ANALYZER_NONNULL = YES;
				CLANG_ANALYZER_NUMBER_OBJECT_CONVERSION = YES_AGGRESSIVE;
				CLANG_CXX_LANGUAGE_STANDARD = "gnu++14";
				CLANG_CXX_LIBRARY = "libc++";
				CLANG_ENABLE_MODULES = YES;
				CLANG_ENABLE_OBJC_ARC = YES;
				CLANG_ENABLE_OBJC_WEAK = YES;
				CLANG_WARN_BLOCK_CAPTURE_AUTORELEASING = YES;
				CLANG_WARN_BOOL_CONVERSION = YES;
				CLANG_WARN_COMMA = YES;
				CLANG_WARN_CONSTANT_CONVERSION = YES;
				CLANG_WARN_DEPRECATED_OBJC_IMPLEMENTATIONS = YES;
				CLANG_WARN_DIRECT_OBJC_ISA_USAGE = YES_ERROR;
				CLANG_WARN_DOCUMENTATION_COMMENTS = YES;
				CLANG_WARN_EMPTY_BODY = YES;
				CLANG_WARN_ENUM_CONVERSION = YES;
				CLANG_WARN_INFINITE_RECURSION = YES;
				CLANG_WARN_INT_CONVERSION = YES;
				CLANG_WARN_NON_LITERAL_NULL_CONVERSION = YES;
				CLANG_WARN_OBJC_IMPLICIT_RETAIN_SELF = YES;
				CLANG_WARN_OBJC_LITERAL_CONVERSION = YES;
				CLANG_WARN_OBJC_ROOT_CLASS = YES_ERROR;
				CLANG_WARN_QUOTED_INCLUDE_IN_FRAMEWORK_HEADER = YES;
				CLANG_WARN_RANGE_LOOP_ANALYSIS = YES;
				CLANG_WARN_STRICT_PROTOTYPES = YES;
				CLANG_WARN_SUSPICIOUS_MOVE = YES;
				CLANG_WARN_UNGUARDED_AVAILABILITY = YES_AGGRESSIVE;
				CLANG_WARN_UNREACHABLE_CODE = YES;
				CLANG_WARN__DUPLICATE_METHOD_MATCH = YES;
				COPY_PHASE_STRIP = NO;
				DEBUG_INFORMATION_FORMAT = "dwarf-with-dsym";
				ENABLE_NS_ASSERTIONS = NO;
				ENABLE_STRICT_OBJC_MSGSEND = YES;
				GCC_C_LANGUAGE_STANDARD = gnu11;
				GCC_NO_COMMON_BLOCKS = YES;
				GCC_WARN_64_TO_32_BIT_CONVERSION = YES;
				GCC_WARN_ABOUT_RETURN_TYPE = YES_ERROR;
				GCC_WARN_UNDECLARED_SELECTOR = YES;
				GCC_WARN_UNINITIALIZED_AUTOS = YES_AGGRESSIVE;
				GCC_WARN_UNUSED_FUNCTION = YES;
				GCC_WARN_UNUSED_VARIABLE = YES;
				IPHONEOS_DEPLOYMENT_TARGET = 14.1;
				MTL_ENABLE_DEBUG_INFO = NO;
				MTL_FAST_MATH = YES;
				SDKROOT = iphoneos;
				SWIFT_COMPILATION_MODE = wholemodule;
				SWIFT_OPTIMIZATION_LEVEL = "-O";
				VALIDATE_PRODUCT = YES;
			};
			name = Release;
		};
		3FE0824C26CA490D00AD20E7 /* Debug */ = {
			isa = XCBuildConfiguration;
			buildSettings = {
				ASSETCATALOG_COMPILER_APPICON_NAME = AppIcon;
				ASSETCATALOG_COMPILER_GLOBAL_ACCENT_COLOR_NAME = AccentColor;
				CODE_SIGN_STYLE = Automatic;
				DEVELOPMENT_ASSET_PATHS = "\"InstagramApp/Preview Content\"";
				DEVELOPMENT_TEAM = DDG2ZM2KG4;
				ENABLE_PREVIEWS = YES;
				INFOPLIST_FILE = InstagramApp/Info.plist;
				LD_RUNPATH_SEARCH_PATHS = (
					"$(inherited)",
					"@executable_path/Frameworks",
				);
				PRODUCT_BUNDLE_IDENTIFIER = com.sway.instagram.InstagramApp;
				PRODUCT_NAME = "$(TARGET_NAME)";
				SWIFT_VERSION = 5.0;
				TARGETED_DEVICE_FAMILY = "1,2";
			};
			name = Debug;
		};
		3FE0824D26CA490D00AD20E7 /* Release */ = {
			isa = XCBuildConfiguration;
			buildSettings = {
				ASSETCATALOG_COMPILER_APPICON_NAME = AppIcon;
				ASSETCATALOG_COMPILER_GLOBAL_ACCENT_COLOR_NAME = AccentColor;
				CODE_SIGN_STYLE = Automatic;
				DEVELOPMENT_ASSET_PATHS = "\"InstagramApp/Preview Content\"";
				DEVELOPMENT_TEAM = DDG2ZM2KG4;
				ENABLE_PREVIEWS = YES;
				INFOPLIST_FILE = InstagramApp/Info.plist;
				LD_RUNPATH_SEARCH_PATHS = (
					"$(inherited)",
					"@executable_path/Frameworks",
				);
				PRODUCT_BUNDLE_IDENTIFIER = com.sway.instagram.InstagramApp;
				PRODUCT_NAME = "$(TARGET_NAME)";
				SWIFT_VERSION = 5.0;
				TARGETED_DEVICE_FAMILY = "1,2";
			};
			name = Release;
		};
		3FE0824F26CA490D00AD20E7 /* Debug */ = {
			isa = XCBuildConfiguration;
			buildSettings = {
				ALWAYS_EMBED_SWIFT_STANDARD_LIBRARIES = YES;
				BUNDLE_LOADER = "$(TEST_HOST)";
				CODE_SIGN_STYLE = Automatic;
				DEVELOPMENT_TEAM = DDG2ZM2KG4;
				INFOPLIST_FILE = InstagramAppTests/Info.plist;
				IPHONEOS_DEPLOYMENT_TARGET = 14.1;
				LD_RUNPATH_SEARCH_PATHS = (
					"$(inherited)",
					"@executable_path/Frameworks",
					"@loader_path/Frameworks",
				);
				PRODUCT_BUNDLE_IDENTIFIER = com.sway.instagram.InstagramAppTests;
				PRODUCT_NAME = "$(TARGET_NAME)";
				SWIFT_VERSION = 5.0;
				TARGETED_DEVICE_FAMILY = "1,2";
				TEST_HOST = "$(BUILT_PRODUCTS_DIR)/InstagramApp.app/InstagramApp";
			};
			name = Debug;
		};
		3FE0825026CA490D00AD20E7 /* Release */ = {
			isa = XCBuildConfiguration;
			buildSettings = {
				ALWAYS_EMBED_SWIFT_STANDARD_LIBRARIES = YES;
				BUNDLE_LOADER = "$(TEST_HOST)";
				CODE_SIGN_STYLE = Automatic;
				DEVELOPMENT_TEAM = DDG2ZM2KG4;
				INFOPLIST_FILE = InstagramAppTests/Info.plist;
				IPHONEOS_DEPLOYMENT_TARGET = 14.1;
				LD_RUNPATH_SEARCH_PATHS = (
					"$(inherited)",
					"@executable_path/Frameworks",
					"@loader_path/Frameworks",
				);
				PRODUCT_BUNDLE_IDENTIFIER = com.sway.instagram.InstagramAppTests;
				PRODUCT_NAME = "$(TARGET_NAME)";
				SWIFT_VERSION = 5.0;
				TARGETED_DEVICE_FAMILY = "1,2";
				TEST_HOST = "$(BUILT_PRODUCTS_DIR)/InstagramApp.app/InstagramApp";
			};
			name = Release;
		};
		3FE0825226CA490D00AD20E7 /* Debug */ = {
			isa = XCBuildConfiguration;
			buildSettings = {
				ALWAYS_EMBED_SWIFT_STANDARD_LIBRARIES = YES;
				CODE_SIGN_STYLE = Automatic;
				DEVELOPMENT_TEAM = DDG2ZM2KG4;
				INFOPLIST_FILE = InstagramAppUITests/Info.plist;
				LD_RUNPATH_SEARCH_PATHS = (
					"$(inherited)",
					"@executable_path/Frameworks",
					"@loader_path/Frameworks",
				);
				PRODUCT_BUNDLE_IDENTIFIER = com.sway.instagram.InstagramAppUITests;
				PRODUCT_NAME = "$(TARGET_NAME)";
				SWIFT_VERSION = 5.0;
				TARGETED_DEVICE_FAMILY = "1,2";
				TEST_TARGET_NAME = InstagramApp;
			};
			name = Debug;
		};
		3FE0825326CA490D00AD20E7 /* Release */ = {
			isa = XCBuildConfiguration;
			buildSettings = {
				ALWAYS_EMBED_SWIFT_STANDARD_LIBRARIES = YES;
				CODE_SIGN_STYLE = Automatic;
				DEVELOPMENT_TEAM = DDG2ZM2KG4;
				INFOPLIST_FILE = InstagramAppUITests/Info.plist;
				LD_RUNPATH_SEARCH_PATHS = (
					"$(inherited)",
					"@executable_path/Frameworks",
					"@loader_path/Frameworks",
				);
				PRODUCT_BUNDLE_IDENTIFIER = com.sway.instagram.InstagramAppUITests;
				PRODUCT_NAME = "$(TARGET_NAME)";
				SWIFT_VERSION = 5.0;
				TARGETED_DEVICE_FAMILY = "1,2";
				TEST_TARGET_NAME = InstagramApp;
			};
			name = Release;
		};
/* End XCBuildConfiguration section */

/* Begin XCConfigurationList section */
		3FE0821C26CA490B00AD20E7 /* Build configuration list for PBXProject "InstagramApp" */ = {
			isa = XCConfigurationList;
			buildConfigurations = (
				3FE0824926CA490D00AD20E7 /* Debug */,
				3FE0824A26CA490D00AD20E7 /* Release */,
			);
			defaultConfigurationIsVisible = 0;
			defaultConfigurationName = Release;
		};
		3FE0824B26CA490D00AD20E7 /* Build configuration list for PBXNativeTarget "InstagramApp" */ = {
			isa = XCConfigurationList;
			buildConfigurations = (
				3FE0824C26CA490D00AD20E7 /* Debug */,
				3FE0824D26CA490D00AD20E7 /* Release */,
			);
			defaultConfigurationIsVisible = 0;
			defaultConfigurationName = Release;
		};
		3FE0824E26CA490D00AD20E7 /* Build configuration list for PBXNativeTarget "InstagramAppTests" */ = {
			isa = XCConfigurationList;
			buildConfigurations = (
				3FE0824F26CA490D00AD20E7 /* Debug */,
				3FE0825026CA490D00AD20E7 /* Release */,
			);
			defaultConfigurationIsVisible = 0;
			defaultConfigurationName = Release;
		};
		3FE0825126CA490D00AD20E7 /* Build configuration list for PBXNativeTarget "InstagramAppUITests" */ = {
			isa = XCConfigurationList;
			buildConfigurations = (
				3FE0825226CA490D00AD20E7 /* Debug */,
				3FE0825326CA490D00AD20E7 /* Release */,
			);
			defaultConfigurationIsVisible = 0;
			defaultConfigurationName = Release;
		};
/* End XCConfigurationList section */
	};
	rootObject = 3FE0821926CA490B00AD20E7 /* Project object */;
}
